// !$*UTF8*$!
{
	archiveVersion = 1;
	classes = {
	};
	objectVersion = 77;
	objects = {

/* Begin PBXBuildFile section */
		0AD51C301FEA54DDEC1E32CD /* Pods_PlantMedic_PlantMedicUITests.framework in Frameworks */ = {isa = PBXBuildFile; fileRef = DFD03B4F105CD10556DB8074 /* Pods_PlantMedic_PlantMedicUITests.framework */; };
		37188CB12E460B1D00DE5A21 /* .swiftlint.yml in Resources */ = {isa = PBXBuildFile; fileRef = 37188CB02E460B1D00DE5A21 /* .swiftlint.yml */; };
		72BCDCDFF8262786E254E515 /* Pods_PlantMedic.framework in Frameworks */ = {isa = PBXBuildFile; fileRef = 57E8FE62788FC90F0AC0ECFB /* Pods_PlantMedic.framework */; };
		D9C158B9B3930850415B7846 /* Pods_PlantMedicTests.framework in Frameworks */ = {isa = PBXBuildFile; fileRef = 4D25C78A46350F858C1FD22D /* Pods_PlantMedicTests.framework */; };
/* End PBXBuildFile section */

/* Begin PBXContainerItemProxy section */
		37F082612E320CFA00031C1B /* PBXContainerItemProxy */ = {
			isa = PBXContainerItemProxy;
			containerPortal = 37F082482E320CF900031C1B /* Project object */;
			proxyType = 1;
			remoteGlobalIDString = 37F0824F2E320CF900031C1B;
			remoteInfo = PlantMedic;
		};
		37F0826B2E320CFA00031C1B /* PBXContainerItemProxy */ = {
			isa = PBXContainerItemProxy;
			containerPortal = 37F082482E320CF900031C1B /* Project object */;
			proxyType = 1;
			remoteGlobalIDString = 37F0824F2E320CF900031C1B;
			remoteInfo = PlantMedic;
		};
/* End PBXContainerItemProxy section */

/* Begin PBXFileReference section */
		05E03B08578577086B07AA75 /* Pods-PlantMedicTests.release.xcconfig */ = {isa = PBXFileReference; includeInIndex = 1; lastKnownFileType = text.xcconfig; name = "Pods-PlantMedicTests.release.xcconfig"; path = "Target Support Files/Pods-PlantMedicTests/Pods-PlantMedicTests.release.xcconfig"; sourceTree = "<group>"; };
		37188CB02E460B1D00DE5A21 /* .swiftlint.yml */ = {isa = PBXFileReference; lastKnownFileType = text.yaml; path = .swiftlint.yml; sourceTree = "<group>"; };
		37F082502E320CF900031C1B /* PlantMedic.app */ = {isa = PBXFileReference; explicitFileType = wrapper.application; includeInIndex = 0; path = PlantMedic.app; sourceTree = BUILT_PRODUCTS_DIR; };
		37F082602E320CFA00031C1B /* PlantMedicTests.xctest */ = {isa = PBXFileReference; explicitFileType = wrapper.cfbundle; includeInIndex = 0; path = PlantMedicTests.xctest; sourceTree = BUILT_PRODUCTS_DIR; };
		37F0826A2E320CFA00031C1B /* PlantMedicUITests.xctest */ = {isa = PBXFileReference; explicitFileType = wrapper.cfbundle; includeInIndex = 0; path = PlantMedicUITests.xctest; sourceTree = BUILT_PRODUCTS_DIR; };
		4D25C78A46350F858C1FD22D /* Pods_PlantMedicTests.framework */ = {isa = PBXFileReference; explicitFileType = wrapper.framework; includeInIndex = 0; path = Pods_PlantMedicTests.framework; sourceTree = BUILT_PRODUCTS_DIR; };
		57E8FE62788FC90F0AC0ECFB /* Pods_PlantMedic.framework */ = {isa = PBXFileReference; explicitFileType = wrapper.framework; includeInIndex = 0; path = Pods_PlantMedic.framework; sourceTree = BUILT_PRODUCTS_DIR; };
		8A41F8DA4E62E7216AC67E4B /* Pods-PlantMedic-PlantMedicUITests.release.xcconfig */ = {isa = PBXFileReference; includeInIndex = 1; lastKnownFileType = text.xcconfig; name = "Pods-PlantMedic-PlantMedicUITests.release.xcconfig"; path = "Target Support Files/Pods-PlantMedic-PlantMedicUITests/Pods-PlantMedic-PlantMedicUITests.release.xcconfig"; sourceTree = "<group>"; };
		8D9321793AC95ECB77332AF6 /* Pods-PlantMedic.release.xcconfig */ = {isa = PBXFileReference; includeInIndex = 1; lastKnownFileType = text.xcconfig; name = "Pods-PlantMedic.release.xcconfig"; path = "Target Support Files/Pods-PlantMedic/Pods-PlantMedic.release.xcconfig"; sourceTree = "<group>"; };
		BD9E5613C640710C3EE0349C /* Pods-PlantMedic-PlantMedicUITests.debug.xcconfig */ = {isa = PBXFileReference; includeInIndex = 1; lastKnownFileType = text.xcconfig; name = "Pods-PlantMedic-PlantMedicUITests.debug.xcconfig"; path = "Target Support Files/Pods-PlantMedic-PlantMedicUITests/Pods-PlantMedic-PlantMedicUITests.debug.xcconfig"; sourceTree = "<group>"; };
		CEF7138138895FE956646CBF /* Pods-PlantMedic.debug.xcconfig */ = {isa = PBXFileReference; includeInIndex = 1; lastKnownFileType = text.xcconfig; name = "Pods-PlantMedic.debug.xcconfig"; path = "Target Support Files/Pods-PlantMedic/Pods-PlantMedic.debug.xcconfig"; sourceTree = "<group>"; };
		D7E5023687E1421CED540B2C /* Pods-PlantMedicTests.debug.xcconfig */ = {isa = PBXFileReference; includeInIndex = 1; lastKnownFileType = text.xcconfig; name = "Pods-PlantMedicTests.debug.xcconfig"; path = "Target Support Files/Pods-PlantMedicTests/Pods-PlantMedicTests.debug.xcconfig"; sourceTree = "<group>"; };
		DFD03B4F105CD10556DB8074 /* Pods_PlantMedic_PlantMedicUITests.framework */ = {isa = PBXFileReference; explicitFileType = wrapper.framework; includeInIndex = 0; path = Pods_PlantMedic_PlantMedicUITests.framework; sourceTree = BUILT_PRODUCTS_DIR; };
/* End PBXFileReference section */

/* Begin PBXFileSystemSynchronizedRootGroup section */
		37F082522E320CF900031C1B /* PlantMedic */ = {
			isa = PBXFileSystemSynchronizedRootGroup;
			path = PlantMedic;
			sourceTree = "<group>";
		};
		37F082632E320CFA00031C1B /* PlantMedicTests */ = {
			isa = PBXFileSystemSynchronizedRootGroup;
			path = PlantMedicTests;
			sourceTree = "<group>";
		};
		37F0826D2E320CFA00031C1B /* PlantMedicUITests */ = {
			isa = PBXFileSystemSynchronizedRootGroup;
			path = PlantMedicUITests;
			sourceTree = "<group>";
		};
/* End PBXFileSystemSynchronizedRootGroup section */

/* Begin PBXFrameworksBuildPhase section */
		37F0824D2E320CF900031C1B /* Frameworks */ = {
			isa = PBXFrameworksBuildPhase;
			buildActionMask = 2147483647;
			files = (
				72BCDCDFF8262786E254E515 /* Pods_PlantMedic.framework in Frameworks */,
			);
			runOnlyForDeploymentPostprocessing = 0;
		};
		37F0825D2E320CFA00031C1B /* Frameworks */ = {
			isa = PBXFrameworksBuildPhase;
			buildActionMask = 2147483647;
			files = (
				D9C158B9B3930850415B7846 /* Pods_PlantMedicTests.framework in Frameworks */,
			);
			runOnlyForDeploymentPostprocessing = 0;
		};
		37F082672E320CFA00031C1B /* Frameworks */ = {
			isa = PBXFrameworksBuildPhase;
			buildActionMask = 2147483647;
			files = (
				0AD51C301FEA54DDEC1E32CD /* Pods_PlantMedic_PlantMedicUITests.framework in Frameworks */,
			);
			runOnlyForDeploymentPostprocessing = 0;
		};
/* End PBXFrameworksBuildPhase section */

/* Begin PBXGroup section */
		37F082472E320CF900031C1B = {
			isa = PBXGroup;
			children = (
				37188CB02E460B1D00DE5A21 /* .swiftlint.yml */,
				37F082522E320CF900031C1B /* PlantMedic */,
				37F082632E320CFA00031C1B /* PlantMedicTests */,
				37F0826D2E320CFA00031C1B /* PlantMedicUITests */,
				37F082512E320CF900031C1B /* Products */,
				74045F85024DC21274DAC9AF /* Pods */,
				51B80A44BA889CA83CEEE0D3 /* Frameworks */,
			);
			sourceTree = "<group>";
		};
		37F082512E320CF900031C1B /* Products */ = {
			isa = PBXGroup;
			children = (
				37F082502E320CF900031C1B /* PlantMedic.app */,
				37F082602E320CFA00031C1B /* PlantMedicTests.xctest */,
				37F0826A2E320CFA00031C1B /* PlantMedicUITests.xctest */,
			);
			name = Products;
			sourceTree = "<group>";
		};
		51B80A44BA889CA83CEEE0D3 /* Frameworks */ = {
			isa = PBXGroup;
			children = (
				57E8FE62788FC90F0AC0ECFB /* Pods_PlantMedic.framework */,
				DFD03B4F105CD10556DB8074 /* Pods_PlantMedic_PlantMedicUITests.framework */,
				4D25C78A46350F858C1FD22D /* Pods_PlantMedicTests.framework */,
			);
			name = Frameworks;
			sourceTree = "<group>";
		};
		74045F85024DC21274DAC9AF /* Pods */ = {
			isa = PBXGroup;
			children = (
				CEF7138138895FE956646CBF /* Pods-PlantMedic.debug.xcconfig */,
				8D9321793AC95ECB77332AF6 /* Pods-PlantMedic.release.xcconfig */,
				BD9E5613C640710C3EE0349C /* Pods-PlantMedic-PlantMedicUITests.debug.xcconfig */,
				8A41F8DA4E62E7216AC67E4B /* Pods-PlantMedic-PlantMedicUITests.release.xcconfig */,
				D7E5023687E1421CED540B2C /* Pods-PlantMedicTests.debug.xcconfig */,
				05E03B08578577086B07AA75 /* Pods-PlantMedicTests.release.xcconfig */,
			);
			path = Pods;
			sourceTree = "<group>";
		};
/* End PBXGroup section */

/* Begin PBXNativeTarget section */
		37F0824F2E320CF900031C1B /* PlantMedic */ = {
			isa = PBXNativeTarget;
			buildConfigurationList = 37F082742E320CFA00031C1B /* Build configuration list for PBXNativeTarget "PlantMedic" */;
			buildPhases = (
				3953E977CBAF1EB0138BC6AA /* [CP] Check Pods Manifest.lock */,
				37188CE02E46177D00DE5A21 /* Run Script */,
				37F0824C2E320CF900031C1B /* Sources */,
				37F0824D2E320CF900031C1B /* Frameworks */,
				37F0824E2E320CF900031C1B /* Resources */,
			);
			buildRules = (
			);
			dependencies = (
			);
			fileSystemSynchronizedGroups = (
				37F082522E320CF900031C1B /* PlantMedic */,
			);
			name = PlantMedic;
			productName = PlantMedic;
			productReference = 37F082502E320CF900031C1B /* PlantMedic.app */;
			productType = "com.apple.product-type.application";
		};
		37F0825F2E320CFA00031C1B /* PlantMedicTests */ = {
			isa = PBXNativeTarget;
			buildConfigurationList = 37F082772E320CFA00031C1B /* Build configuration list for PBXNativeTarget "PlantMedicTests" */;
			buildPhases = (
				5112CE4C7E83ED4494BE90B2 /* [CP] Check Pods Manifest.lock */,
				37F0825C2E320CFA00031C1B /* Sources */,
				37F0825D2E320CFA00031C1B /* Frameworks */,
				37F0825E2E320CFA00031C1B /* Resources */,
			);
			buildRules = (
			);
			dependencies = (
				37F082622E320CFA00031C1B /* PBXTargetDependency */,
			);
			fileSystemSynchronizedGroups = (
				37F082632E320CFA00031C1B /* PlantMedicTests */,
			);
			name = PlantMedicTests;
			productName = PlantMedicTests;
			productReference = 37F082602E320CFA00031C1B /* PlantMedicTests.xctest */;
			productType = "com.apple.product-type.bundle.unit-test";
		};
		37F082692E320CFA00031C1B /* PlantMedicUITests */ = {
			isa = PBXNativeTarget;
			buildConfigurationList = 37F0827A2E320CFA00031C1B /* Build configuration list for PBXNativeTarget "PlantMedicUITests" */;
			buildPhases = (
				D934FFFAE1B2A7D58EF70DBF /* [CP] Check Pods Manifest.lock */,
				37F082662E320CFA00031C1B /* Sources */,
				37F082672E320CFA00031C1B /* Frameworks */,
				37F082682E320CFA00031C1B /* Resources */,
			);
			buildRules = (
			);
			dependencies = (
				37F0826C2E320CFA00031C1B /* PBXTargetDependency */,
			);
			fileSystemSynchronizedGroups = (
				37F0826D2E320CFA00031C1B /* PlantMedicUITests */,
			);
			name = PlantMedicUITests;
			productName = PlantMedicUITests;
			productReference = 37F0826A2E320CFA00031C1B /* PlantMedicUITests.xctest */;
			productType = "com.apple.product-type.bundle.ui-testing";
		};
/* End PBXNativeTarget section */

/* Begin PBXProject section */
		37F082482E320CF900031C1B /* Project object */ = {
			isa = PBXProject;
			attributes = {
				BuildIndependentTargetsInParallel = 1;
				LastSwiftUpdateCheck = 1600;
				LastUpgradeCheck = 1600;
				TargetAttributes = {
					37F0824F2E320CF900031C1B = {
						CreatedOnToolsVersion = 16.0;
					};
					37F0825F2E320CFA00031C1B = {
						CreatedOnToolsVersion = 16.0;
						TestTargetID = 37F0824F2E320CF900031C1B;
					};
					37F082692E320CFA00031C1B = {
						CreatedOnToolsVersion = 16.0;
						TestTargetID = 37F0824F2E320CF900031C1B;
					};
				};
			};
			buildConfigurationList = 37F0824B2E320CF900031C1B /* Build configuration list for PBXProject "PlantMedic" */;
			developmentRegion = en;
			hasScannedForEncodings = 0;
			knownRegions = (
				en,
				Base,
			);
			mainGroup = 37F082472E320CF900031C1B;
			minimizedProjectReferenceProxies = 1;
			preferredProjectObjectVersion = 77;
			productRefGroup = 37F082512E320CF900031C1B /* Products */;
			projectDirPath = "";
			projectRoot = "";
			targets = (
				37F0824F2E320CF900031C1B /* PlantMedic */,
				37F0825F2E320CFA00031C1B /* PlantMedicTests */,
				37F082692E320CFA00031C1B /* PlantMedicUITests */,
			);
		};
/* End PBXProject section */

/* Begin PBXResourcesBuildPhase section */
		37F0824E2E320CF900031C1B /* Resources */ = {
			isa = PBXResourcesBuildPhase;
			buildActionMask = 2147483647;
			files = (
				37188CB12E460B1D00DE5A21 /* .swiftlint.yml in Resources */,
			);
			runOnlyForDeploymentPostprocessing = 0;
		};
		37F0825E2E320CFA00031C1B /* Resources */ = {
			isa = PBXResourcesBuildPhase;
			buildActionMask = 2147483647;
			files = (
			);
			runOnlyForDeploymentPostprocessing = 0;
		};
		37F082682E320CFA00031C1B /* Resources */ = {
			isa = PBXResourcesBuildPhase;
			buildActionMask = 2147483647;
			files = (
			);
			runOnlyForDeploymentPostprocessing = 0;
		};
/* End PBXResourcesBuildPhase section */

/* Begin PBXShellScriptBuildPhase section */
		37188CE02E46177D00DE5A21 /* Run Script */ = {
			isa = PBXShellScriptBuildPhase;
			alwaysOutOfDate = 1;
			buildActionMask = 2147483647;
			files = (
			);
			inputFileListPaths = (
			);
			inputPaths = (
			);
			name = "Run Script";
			outputFileListPaths = (
			);
			outputPaths = (
			);
			runOnlyForDeploymentPostprocessing = 0;
			shellPath = /bin/sh;
			shellScript = "\"${PODS_ROOT}/SwiftLint/swiftlint\" lint \"${SRCROOT}\"\n\"${PODS_ROOT}/SwiftFormat/CommandLineTool/swiftformat\" \"$SRCROOT\"\n";
		};
		3953E977CBAF1EB0138BC6AA /* [CP] Check Pods Manifest.lock */ = {
			isa = PBXShellScriptBuildPhase;
			buildActionMask = 2147483647;
			files = (
			);
			inputFileListPaths = (
			);
			inputPaths = (
				"${PODS_PODFILE_DIR_PATH}/Podfile.lock",
				"${PODS_ROOT}/Manifest.lock",
			);
			name = "[CP] Check Pods Manifest.lock";
			outputFileListPaths = (
			);
			outputPaths = (
				"$(DERIVED_FILE_DIR)/Pods-PlantMedic-checkManifestLockResult.txt",
			);
			runOnlyForDeploymentPostprocessing = 0;
			shellPath = /bin/sh;
			shellScript = "diff \"${PODS_PODFILE_DIR_PATH}/Podfile.lock\" \"${PODS_ROOT}/Manifest.lock\" > /dev/null\nif [ $? != 0 ] ; then\n    # print error to STDERR\n    echo \"error: The sandbox is not in sync with the Podfile.lock. Run 'pod install' or update your CocoaPods installation.\" >&2\n    exit 1\nfi\n# This output is used by Xcode 'outputs' to avoid re-running this script phase.\necho \"SUCCESS\" > \"${SCRIPT_OUTPUT_FILE_0}\"\n";
			showEnvVarsInLog = 0;
		};
		5112CE4C7E83ED4494BE90B2 /* [CP] Check Pods Manifest.lock */ = {
			isa = PBXShellScriptBuildPhase;
			buildActionMask = 2147483647;
			files = (
			);
			inputFileListPaths = (
			);
			inputPaths = (
				"${PODS_PODFILE_DIR_PATH}/Podfile.lock",
				"${PODS_ROOT}/Manifest.lock",
			);
			name = "[CP] Check Pods Manifest.lock";
			outputFileListPaths = (
			);
			outputPaths = (
				"$(DERIVED_FILE_DIR)/Pods-PlantMedicTests-checkManifestLockResult.txt",
			);
			runOnlyForDeploymentPostprocessing = 0;
			shellPath = /bin/sh;
			shellScript = "diff \"${PODS_PODFILE_DIR_PATH}/Podfile.lock\" \"${PODS_ROOT}/Manifest.lock\" > /dev/null\nif [ $? != 0 ] ; then\n    # print error to STDERR\n    echo \"error: The sandbox is not in sync with the Podfile.lock. Run 'pod install' or update your CocoaPods installation.\" >&2\n    exit 1\nfi\n# This output is used by Xcode 'outputs' to avoid re-running this script phase.\necho \"SUCCESS\" > \"${SCRIPT_OUTPUT_FILE_0}\"\n";
			showEnvVarsInLog = 0;
		};
		D934FFFAE1B2A7D58EF70DBF /* [CP] Check Pods Manifest.lock */ = {
			isa = PBXShellScriptBuildPhase;
			buildActionMask = 2147483647;
			files = (
			);
			inputFileListPaths = (
			);
			inputPaths = (
				"${PODS_PODFILE_DIR_PATH}/Podfile.lock",
				"${PODS_ROOT}/Manifest.lock",
			);
			name = "[CP] Check Pods Manifest.lock";
			outputFileListPaths = (
			);
			outputPaths = (
				"$(DERIVED_FILE_DIR)/Pods-PlantMedic-PlantMedicUITests-checkManifestLockResult.txt",
			);
			runOnlyForDeploymentPostprocessing = 0;
			shellPath = /bin/sh;
			shellScript = "diff \"${PODS_PODFILE_DIR_PATH}/Podfile.lock\" \"${PODS_ROOT}/Manifest.lock\" > /dev/null\nif [ $? != 0 ] ; then\n    # print error to STDERR\n    echo \"error: The sandbox is not in sync with the Podfile.lock. Run 'pod install' or update your CocoaPods installation.\" >&2\n    exit 1\nfi\n# This output is used by Xcode 'outputs' to avoid re-running this script phase.\necho \"SUCCESS\" > \"${SCRIPT_OUTPUT_FILE_0}\"\n";
			showEnvVarsInLog = 0;
		};
/* End PBXShellScriptBuildPhase section */

/* Begin PBXSourcesBuildPhase section */
		37F0824C2E320CF900031C1B /* Sources */ = {
			isa = PBXSourcesBuildPhase;
			buildActionMask = 2147483647;
			files = (
			);
			runOnlyForDeploymentPostprocessing = 0;
		};
		37F0825C2E320CFA00031C1B /* Sources */ = {
			isa = PBXSourcesBuildPhase;
			buildActionMask = 2147483647;
			files = (
			);
			runOnlyForDeploymentPostprocessing = 0;
		};
		37F082662E320CFA00031C1B /* Sources */ = {
			isa = PBXSourcesBuildPhase;
			buildActionMask = 2147483647;
			files = (
			);
			runOnlyForDeploymentPostprocessing = 0;
		};
/* End PBXSourcesBuildPhase section */

/* Begin PBXTargetDependency section */
		37F082622E320CFA00031C1B /* PBXTargetDependency */ = {
			isa = PBXTargetDependency;
			target = 37F0824F2E320CF900031C1B /* PlantMedic */;
			targetProxy = 37F082612E320CFA00031C1B /* PBXContainerItemProxy */;
		};
		37F0826C2E320CFA00031C1B /* PBXTargetDependency */ = {
			isa = PBXTargetDependency;
			target = 37F0824F2E320CF900031C1B /* PlantMedic */;
			targetProxy = 37F0826B2E320CFA00031C1B /* PBXContainerItemProxy */;
		};
/* End PBXTargetDependency section */

/* Begin XCBuildConfiguration section */
		37F082722E320CFA00031C1B /* Debug */ = {
			isa = XCBuildConfiguration;
			buildSettings = {
				ALWAYS_SEARCH_USER_PATHS = NO;
				ASSETCATALOG_COMPILER_GENERATE_SWIFT_ASSET_SYMBOL_EXTENSIONS = YES;
				CLANG_ANALYZER_NONNULL = YES;
				CLANG_ANALYZER_NUMBER_OBJECT_CONVERSION = YES_AGGRESSIVE;
				CLANG_CXX_LANGUAGE_STANDARD = "gnu++20";
				CLANG_ENABLE_MODULES = YES;
				CLANG_ENABLE_OBJC_ARC = YES;
				CLANG_ENABLE_OBJC_WEAK = YES;
				CLANG_WARN_BLOCK_CAPTURE_AUTORELEASING = YES;
				CLANG_WARN_BOOL_CONVERSION = YES;
				CLANG_WARN_COMMA = YES;
				CLANG_WARN_CONSTANT_CONVERSION = YES;
				CLANG_WARN_DEPRECATED_OBJC_IMPLEMENTATIONS = YES;
				CLANG_WARN_DIRECT_OBJC_ISA_USAGE = YES_ERROR;
				CLANG_WARN_DOCUMENTATION_COMMENTS = YES;
				CLANG_WARN_EMPTY_BODY = YES;
				CLANG_WARN_ENUM_CONVERSION = YES;
				CLANG_WARN_INFINITE_RECURSION = YES;
				CLANG_WARN_INT_CONVERSION = YES;
				CLANG_WARN_NON_LITERAL_NULL_CONVERSION = YES;
				CLANG_WARN_OBJC_IMPLICIT_RETAIN_SELF = YES;
				CLANG_WARN_OBJC_LITERAL_CONVERSION = YES;
				CLANG_WARN_OBJC_ROOT_CLASS = YES_ERROR;
				CLANG_WARN_QUOTED_INCLUDE_IN_FRAMEWORK_HEADER = YES;
				CLANG_WARN_RANGE_LOOP_ANALYSIS = YES;
				CLANG_WARN_STRICT_PROTOTYPES = YES;
				CLANG_WARN_SUSPICIOUS_MOVE = YES;
				CLANG_WARN_UNGUARDED_AVAILABILITY = YES_AGGRESSIVE;
				CLANG_WARN_UNREACHABLE_CODE = YES;
				CLANG_WARN__DUPLICATE_METHOD_MATCH = YES;
				COPY_PHASE_STRIP = NO;
				DEBUG_INFORMATION_FORMAT = dwarf;
				ENABLE_STRICT_OBJC_MSGSEND = YES;
				ENABLE_TESTABILITY = YES;
				ENABLE_USER_SCRIPT_SANDBOXING = YES;
				GCC_C_LANGUAGE_STANDARD = gnu17;
				GCC_DYNAMIC_NO_PIC = NO;
				GCC_NO_COMMON_BLOCKS = YES;
				GCC_OPTIMIZATION_LEVEL = 0;
				GCC_PREPROCESSOR_DEFINITIONS = (
					"DEBUG=1",
					"$(inherited)",
				);
				GCC_WARN_64_TO_32_BIT_CONVERSION = YES;
				GCC_WARN_ABOUT_RETURN_TYPE = YES_ERROR;
				GCC_WARN_UNDECLARED_SELECTOR = YES;
				GCC_WARN_UNINITIALIZED_AUTOS = YES_AGGRESSIVE;
				GCC_WARN_UNUSED_FUNCTION = YES;
				GCC_WARN_UNUSED_VARIABLE = YES;
				IPHONEOS_DEPLOYMENT_TARGET = 18.0;
				LOCALIZATION_PREFERS_STRING_CATALOGS = YES;
				MTL_ENABLE_DEBUG_INFO = INCLUDE_SOURCE;
				MTL_FAST_MATH = YES;
				ONLY_ACTIVE_ARCH = YES;
				SDKROOT = iphoneos;
				SWIFT_ACTIVE_COMPILATION_CONDITIONS = "DEBUG $(inherited)";
				SWIFT_OPTIMIZATION_LEVEL = "-Onone";
			};
			name = Debug;
		};
		37F082732E320CFA00031C1B /* Release */ = {
			isa = XCBuildConfiguration;
			buildSettings = {
				ALWAYS_SEARCH_USER_PATHS = NO;
				ASSETCATALOG_COMPILER_GENERATE_SWIFT_ASSET_SYMBOL_EXTENSIONS = YES;
				CLANG_ANALYZER_NONNULL = YES;
				CLANG_ANALYZER_NUMBER_OBJECT_CONVERSION = YES_AGGRESSIVE;
				CLANG_CXX_LANGUAGE_STANDARD = "gnu++20";
				CLANG_ENABLE_MODULES = YES;
				CLANG_ENABLE_OBJC_ARC = YES;
				CLANG_ENABLE_OBJC_WEAK = YES;
				CLANG_WARN_BLOCK_CAPTURE_AUTORELEASING = YES;
				CLANG_WARN_BOOL_CONVERSION = YES;
				CLANG_WARN_COMMA = YES;
				CLANG_WARN_CONSTANT_CONVERSION = YES;
				CLANG_WARN_DEPRECATED_OBJC_IMPLEMENTATIONS = YES;
				CLANG_WARN_DIRECT_OBJC_ISA_USAGE = YES_ERROR;
				CLANG_WARN_DOCUMENTATION_COMMENTS = YES;
				CLANG_WARN_EMPTY_BODY = YES;
				CLANG_WARN_ENUM_CONVERSION = YES;
				CLANG_WARN_INFINITE_RECURSION = YES;
				CLANG_WARN_INT_CONVERSION = YES;
				CLANG_WARN_NON_LITERAL_NULL_CONVERSION = YES;
				CLANG_WARN_OBJC_IMPLICIT_RETAIN_SELF = YES;
				CLANG_WARN_OBJC_LITERAL_CONVERSION = YES;
				CLANG_WARN_OBJC_ROOT_CLASS = YES_ERROR;
				CLANG_WARN_QUOTED_INCLUDE_IN_FRAMEWORK_HEADER = YES;
				CLANG_WARN_RANGE_LOOP_ANALYSIS = YES;
				CLANG_WARN_STRICT_PROTOTYPES = YES;
				CLANG_WARN_SUSPICIOUS_MOVE = YES;
				CLANG_WARN_UNGUARDED_AVAILABILITY = YES_AGGRESSIVE;
				CLANG_WARN_UNREACHABLE_CODE = YES;
				CLANG_WARN__DUPLICATE_METHOD_MATCH = YES;
				COPY_PHASE_STRIP = NO;
				DEBUG_INFORMATION_FORMAT = "dwarf-with-dsym";
				ENABLE_NS_ASSERTIONS = NO;
				ENABLE_STRICT_OBJC_MSGSEND = YES;
				ENABLE_USER_SCRIPT_SANDBOXING = YES;
				GCC_C_LANGUAGE_STANDARD = gnu17;
				GCC_NO_COMMON_BLOCKS = YES;
				GCC_WARN_64_TO_32_BIT_CONVERSION = YES;
				GCC_WARN_ABOUT_RETURN_TYPE = YES_ERROR;
				GCC_WARN_UNDECLARED_SELECTOR = YES;
				GCC_WARN_UNINITIALIZED_AUTOS = YES_AGGRESSIVE;
				GCC_WARN_UNUSED_FUNCTION = YES;
				GCC_WARN_UNUSED_VARIABLE = YES;
				IPHONEOS_DEPLOYMENT_TARGET = 18.0;
				LOCALIZATION_PREFERS_STRING_CATALOGS = YES;
				MTL_ENABLE_DEBUG_INFO = NO;
				MTL_FAST_MATH = YES;
				SDKROOT = iphoneos;
				SWIFT_COMPILATION_MODE = wholemodule;
				VALIDATE_PRODUCT = YES;
			};
			name = Release;
		};
		37F082752E320CFA00031C1B /* Debug */ = {
			isa = XCBuildConfiguration;
			baseConfigurationReference = CEF7138138895FE956646CBF /* Pods-PlantMedic.debug.xcconfig */;
			buildSettings = {
				ASSETCATALOG_COMPILER_APPICON_NAME = AppIcon;
				ASSETCATALOG_COMPILER_GLOBAL_ACCENT_COLOR_NAME = AccentColor;
				CODE_SIGN_STYLE = Automatic;
				CURRENT_PROJECT_VERSION = 1;
				DEVELOPMENT_ASSET_PATHS = "\"PlantMedic/Preview Content\"";
				DEVELOPMENT_TEAM = G76YE9URAZ;
				ENABLE_PREVIEWS = YES;
				ENABLE_USER_SCRIPT_SANDBOXING = NO;
				GENERATE_INFOPLIST_FILE = YES;
				INFOPLIST_KEY_UIApplicationSceneManifest_Generation = YES;
				INFOPLIST_KEY_UIApplicationSupportsIndirectInputEvents = YES;
				INFOPLIST_KEY_UILaunchScreen_Generation = YES;
				INFOPLIST_KEY_UISupportedInterfaceOrientations_iPad = "UIInterfaceOrientationPortrait UIInterfaceOrientationPortraitUpsideDown UIInterfaceOrientationLandscapeLeft UIInterfaceOrientationLandscapeRight";
				INFOPLIST_KEY_UISupportedInterfaceOrientations_iPhone = "UIInterfaceOrientationPortrait UIInterfaceOrientationLandscapeLeft UIInterfaceOrientationLandscapeRight";
				LD_RUNPATH_SEARCH_PATHS = (
					"$(inherited)",
					"@executable_path/Frameworks",
				);
				MARKETING_VERSION = 1.0;
				PRODUCT_BUNDLE_IDENTIFIER = Magnatesage.plantmedic.com.PlantMedic;
				PRODUCT_NAME = "$(TARGET_NAME)";
				SUPPORTED_PLATFORMS = "iphoneos iphonesimulator";
				SUPPORTS_MACCATALYST = NO;
				SUPPORTS_MAC_DESIGNED_FOR_IPHONE_IPAD = NO;
				SUPPORTS_XR_DESIGNED_FOR_IPHONE_IPAD = NO;
				SWIFT_EMIT_LOC_STRINGS = YES;
				SWIFT_VERSION = 6.0;
				TARGETED_DEVICE_FAMILY = "1,2";
			};
			name = Debug;
		};
		37F082762E320CFA00031C1B /* Release */ = {
			isa = XCBuildConfiguration;
			baseConfigurationReference = 8D9321793AC95ECB77332AF6 /* Pods-PlantMedic.release.xcconfig */;
			buildSettings = {
				ASSETCATALOG_COMPILER_APPICON_NAME = AppIcon;
				ASSETCATALOG_COMPILER_GLOBAL_ACCENT_COLOR_NAME = AccentColor;
				CODE_SIGN_STYLE = Automatic;
				CURRENT_PROJECT_VERSION = 1;
				DEVELOPMENT_ASSET_PATHS = "\"PlantMedic/Preview Content\"";
				DEVELOPMENT_TEAM = G76YE9URAZ;
				ENABLE_PREVIEWS = YES;
				ENABLE_USER_SCRIPT_SANDBOXING = NO;
				GENERATE_INFOPLIST_FILE = YES;
				INFOPLIST_KEY_UIApplicationSceneManifest_Generation = YES;
				INFOPLIST_KEY_UIApplicationSupportsIndirectInputEvents = YES;
				INFOPLIST_KEY_UILaunchScreen_Generation = YES;
				INFOPLIST_KEY_UISupportedInterfaceOrientations_iPad = "UIInterfaceOrientationPortrait UIInterfaceOrientationPortraitUpsideDown UIInterfaceOrientationLandscapeLeft UIInterfaceOrientationLandscapeRight";
				INFOPLIST_KEY_UISupportedInterfaceOrientations_iPhone = "UIInterfaceOrientationPortrait UIInterfaceOrientationLandscapeLeft UIInterfaceOrientationLandscapeRight";
				LD_RUNPATH_SEARCH_PATHS = (
					"$(inherited)",
					"@executable_path/Frameworks",
				);
				MARKETING_VERSION = 1.0;
				PRODUCT_BUNDLE_IDENTIFIER = Magnatesage.plantmedic.com.PlantMedic;
				PRODUCT_NAME = "$(TARGET_NAME)";
				SUPPORTED_PLATFORMS = "iphoneos iphonesimulator";
				SUPPORTS_MACCATALYST = NO;
				SUPPORTS_MAC_DESIGNED_FOR_IPHONE_IPAD = NO;
				SUPPORTS_XR_DESIGNED_FOR_IPHONE_IPAD = NO;
				SWIFT_EMIT_LOC_STRINGS = YES;
				SWIFT_VERSION = 6.0;
				TARGETED_DEVICE_FAMILY = "1,2";
			};
			name = Release;
		};
		37F082782E320CFA00031C1B /* Debug */ = {
			isa = XCBuildConfiguration;
			baseConfigurationReference = D7E5023687E1421CED540B2C /* Pods-PlantMedicTests.debug.xcconfig */;
			buildSettings = {
				BUNDLE_LOADER = "$(TEST_HOST)";
				CODE_SIGN_STYLE = Automatic;
				CURRENT_PROJECT_VERSION = 1;
				DEVELOPMENT_TEAM = G76YE9URAZ;
				GENERATE_INFOPLIST_FILE = YES;
				IPHONEOS_DEPLOYMENT_TARGET = 18.0;
				MARKETING_VERSION = 1.0;
				PRODUCT_BUNDLE_IDENTIFIER = Magnatesage.plantmedic.com.PlantMedicTests;
				PRODUCT_NAME = "$(TARGET_NAME)";
				SWIFT_EMIT_LOC_STRINGS = NO;
				SWIFT_VERSION = 6.0;
				TARGETED_DEVICE_FAMILY = "1,2";
				TEST_HOST = "$(BUILT_PRODUCTS_DIR)/PlantMedic.app/$(BUNDLE_EXECUTABLE_FOLDER_PATH)/PlantMedic";
			};
			name = Debug;
		};
		37F082792E320CFA00031C1B /* Release */ = {
			isa = XCBuildConfiguration;
			baseConfigurationReference = 05E03B08578577086B07AA75 /* Pods-PlantMedicTests.release.xcconfig */;
			buildSettings = {
				BUNDLE_LOADER = "$(TEST_HOST)";
				CODE_SIGN_STYLE = Automatic;
				CURRENT_PROJECT_VERSION = 1;
				DEVELOPMENT_TEAM = G76YE9URAZ;
				GENERATE_INFOPLIST_FILE = YES;
				IPHONEOS_DEPLOYMENT_TARGET = 18.0;
				MARKETING_VERSION = 1.0;
				PRODUCT_BUNDLE_IDENTIFIER = Magnatesage.plantmedic.com.PlantMedicTests;
				PRODUCT_NAME = "$(TARGET_NAME)";
				SWIFT_EMIT_LOC_STRINGS = NO;
				SWIFT_VERSION = 6.0;
				TARGETED_DEVICE_FAMILY = "1,2";
				TEST_HOST = "$(BUILT_PRODUCTS_DIR)/PlantMedic.app/$(BUNDLE_EXECUTABLE_FOLDER_PATH)/PlantMedic";
			};
			name = Release;
		};
		37F0827B2E320CFA00031C1B /* Debug */ = {
			isa = XCBuildConfiguration;
			baseConfigurationReference = BD9E5613C640710C3EE0349C /* Pods-PlantMedic-PlantMedicUITests.debug.xcconfig */;
			buildSettings = {
				CODE_SIGN_STYLE = Automatic;
				CURRENT_PROJECT_VERSION = 1;
				DEVELOPMENT_TEAM = G76YE9URAZ;
				GENERATE_INFOPLIST_FILE = YES;
				MARKETING_VERSION = 1.0;
				PRODUCT_BUNDLE_IDENTIFIER = Magnatesage.plantmedic.com.PlantMedicUITests;
				PRODUCT_NAME = "$(TARGET_NAME)";
				SWIFT_EMIT_LOC_STRINGS = NO;
				SWIFT_VERSION = 6.0;
				TARGETED_DEVICE_FAMILY = "1,2";
				TEST_TARGET_NAME = PlantMedic;
			};
			name = Debug;
		};
		37F0827C2E320CFA00031C1B /* Release */ = {
			isa = XCBuildConfiguration;
			baseConfigurationReference = 8A41F8DA4E62E7216AC67E4B /* Pods-PlantMedic-PlantMedicUITests.release.xcconfig */;
			buildSettings = {
				CODE_SIGN_STYLE = Automatic;
				CURRENT_PROJECT_VERSION = 1;
				DEVELOPMENT_TEAM = G76YE9URAZ;
				GENERATE_INFOPLIST_FILE = YES;
				MARKETING_VERSION = 1.0;
				PRODUCT_BUNDLE_IDENTIFIER = Magnatesage.plantmedic.com.PlantMedicUITests;
				PRODUCT_NAME = "$(TARGET_NAME)";
				SWIFT_EMIT_LOC_STRINGS = NO;
				SWIFT_VERSION = 6.0;
				TARGETED_DEVICE_FAMILY = "1,2";
				TEST_TARGET_NAME = PlantMedic;
			};
			name = Release;
		};
/* End XCBuildConfiguration section */

/* Begin XCConfigurationList section */
		37F0824B2E320CF900031C1B /* Build configuration list for PBXProject "PlantMedic" */ = {
			isa = XCConfigurationList;
			buildConfigurations = (
				37F082722E320CFA00031C1B /* Debug */,
				37F082732E320CFA00031C1B /* Release */,
			);
			defaultConfigurationIsVisible = 0;
			defaultConfigurationName = Release;
		};
		37F082742E320CFA00031C1B /* Build configuration list for PBXNativeTarget "PlantMedic" */ = {
			isa = XCConfigurationList;
			buildConfigurations = (
				37F082752E320CFA00031C1B /* Debug */,
				37F082762E320CFA00031C1B /* Release */,
			);
			defaultConfigurationIsVisible = 0;
			defaultConfigurationName = Release;
		};
		37F082772E320CFA00031C1B /* Build configuration list for PBXNativeTarget "PlantMedicTests" */ = {
			isa = XCConfigurationList;
			buildConfigurations = (
				37F082782E320CFA00031C1B /* Debug */,
				37F082792E320CFA00031C1B /* Release */,
			);
			defaultConfigurationIsVisible = 0;
			defaultConfigurationName = Release;
		};
		37F0827A2E320CFA00031C1B /* Build configuration list for PBXNativeTarget "PlantMedicUITests" */ = {
			isa = XCConfigurationList;
			buildConfigurations = (
				37F0827B2E320CFA00031C1B /* Debug */,
				37F0827C2E320CFA00031C1B /* Release */,
			);
			defaultConfigurationIsVisible = 0;
			defaultConfigurationName = Release;
		};
/* End XCConfigurationList section */
	};
	rootObject = 37F082482E320CF900031C1B /* Project object */;
}
